
Microsoft Visual Studio Solution File, Format Version 12.00
# Visual Studio Version 16
VisualStudioVersion = 16.0.31424.327
MinimumVisualStudioVersion = 10.0.40219.1
Project("{2150E333-8FDC-42A3-9474-1A3956D46DE8}") = "02. Programming Fundamentals Mid Exam", "02. Programming Fundamentals Mid Exam", "{8768939B-BBA1-427E-8708-D7E40D52511F}"
EndProject
Project("{2150E333-8FDC-42A3-9474-1A3956D46DE8}") = "03. Programming Fundamentals Mid Exam", "03. Programming Fundamentals Mid Exam", "{115D592D-A0B1-4FBD-A25A-07E49BFCB6F3}"
EndProject
Project("{2150E333-8FDC-42A3-9474-1A3956D46DE8}") = "04. Programming Fundamentals Mid Exam", "04. Programming Fundamentals Mid Exam", "{086F3D3E-FF1B-40C8-80ED-6DF8DD469DF3}"
EndProject
Project("{2150E333-8FDC-42A3-9474-1A3956D46DE8}") = "05. Programming Fundamentals Mid Exam", "05. Programming Fundamentals Mid Exam", "{D0FF3FBF-FA34-4A03-A2CB-738FC98C4444}"
EndProject
Project("{9A19103F-16F7-4668-BE54-9A1E7A4F7556}") = "01. Counter Strike", "01. Counter Strike\01. Counter Strike.csproj", "{DFD2DB36-0B01-4EE5-AF45-A81FA99A45A1}"
EndProject
Project("{9A19103F-16F7-4668-BE54-9A1E7A4F7556}") = "02. Shoot for the Win", "02. Shoot for the Win\02. Shoot for the Win.csproj", "{BAA5FF23-91FB-4165-BA63-6FA7434219C9}"
EndProject
Project("{9A19103F-16F7-4668-BE54-9A1E7A4F7556}") = "03. Moving Target", "03. Moving Target\03. Moving Target.csproj", "{7EBDE265-86E2-439E-A313-397C8233981D}"
EndProject
Project("{9A19103F-16F7-4668-BE54-9A1E7A4F7556}") = "01. National Court", "01. National Court\01. National Court.csproj", "{F24133FF-69D2-453C-996E-1E68A4A3CF34}"
EndProject
Project("{9A19103F-16F7-4668-BE54-9A1E7A4F7556}") = "02. Shopping List", "02. Shopping List\02. Shopping List.csproj", "{52ADFE63-2A67-4948-91A0-C24CCFFEA3F4}"
EndProject
Project("{9A19103F-16F7-4668-BE54-9A1E7A4F7556}") = "03. Heart Delivery", "03. Heart Delivery\03. Heart Delivery.csproj", "{3E83396F-CD39-4F6E-88F2-82E24BAECAB3}"
EndProject
Project("{9A19103F-16F7-4668-BE54-9A1E7A4F7556}") = "01. Bonus Scoring System", "01. Bonus Scoring System\01. Bonus Scoring System.csproj", "{E78FBD0D-EB1D-4B4A-A86A-B359400ECC90}"
EndProject
Project("{9A19103F-16F7-4668-BE54-9A1E7A4F7556}") = "02. MuOnline", "02. MuOnline\02. MuOnline.csproj", "{9BCD860B-08C0-4FCD-ADCD-C4CF0A04BCE4}"
EndProject
Project("{9A19103F-16F7-4668-BE54-9A1E7A4F7556}") = "03. Inventory", "03. Inventory\03. Inventory.csproj", "{28ACB1D9-8D66-403E-8B43-EB613B07936E}"
EndProject
Project("{9A19103F-16F7-4668-BE54-9A1E7A4F7556}") = "01. SoftUni Reception", "01. SoftUni Reception\01. SoftUni Reception.csproj", "{0F1A884B-6823-4784-B832-81602FC1F3FD}"
EndProject
Project("{9A19103F-16F7-4668-BE54-9A1E7A4F7556}") = "02. Array Modifier", "02. Array Modifier\02. Array Modifier.csproj", "{A953883A-A672-4B5B-A0F4-9CD776B5A1F5}"
EndProject
Project("{9A19103F-16F7-4668-BE54-9A1E7A4F7556}") = "03. Numbers", "03. Numbers\03. Numbers.csproj", "{D51CD02F-1EB4-4C52-A62D-4E06B8A36F8D}"
EndProject
Project("{2150E333-8FDC-42A3-9474-1A3956D46DE8}") = "06. Programming Fundamentals Mid Exam v1", "06. Programming Fundamentals Mid Exam v1", "{5431CABD-F1B7-4B2F-88A1-C0E85743776D}"
EndProject
Project("{9A19103F-16F7-4668-BE54-9A1E7A4F7556}") = "problem 1", "problem 1\problem 1.csproj", "{8C0F2BD6-024C-4160-A35F-F084784A7B20}"
EndProject
Project("{9A19103F-16F7-4668-BE54-9A1E7A4F7556}") = "problem 2", "problem 2\problem 2.csproj", "{2B660520-AB7C-4E9D-B689-16A6EAED7C0A}"
EndProject
Project("{9A19103F-16F7-4668-BE54-9A1E7A4F7556}") = "problem 3", "problem 3\problem 3.csproj", "{645AA703-EECA-4B33-8324-C92EA62F490D}"
EndProject
Global
	GlobalSection(SolutionConfigurationPlatforms) = preSolution
		Debug|Any CPU = Debug|Any CPU
		Release|Any CPU = Release|Any CPU
	EndGlobalSection
	GlobalSection(ProjectConfigurationPlatforms) = postSolution
		{DFD2DB36-0B01-4EE5-AF45-A81FA99A45A1}.Debug|Any CPU.ActiveCfg = Debug|Any CPU
		{DFD2DB36-0B01-4EE5-AF45-A81FA99A45A1}.Debug|Any CPU.Build.0 = Debug|Any CPU
		{DFD2DB36-0B01-4EE5-AF45-A81FA99A45A1}.Release|Any CPU.ActiveCfg = Release|Any CPU
		{DFD2DB36-0B01-4EE5-AF45-A81FA99A45A1}.Release|Any CPU.Build.0 = Release|Any CPU
		{BAA5FF23-91FB-4165-BA63-6FA7434219C9}.Debug|Any CPU.ActiveCfg = Debug|Any CPU
		{BAA5FF23-91FB-4165-BA63-6FA7434219C9}.Debug|Any CPU.Build.0 = Debug|Any CPU
		{BAA5FF23-91FB-4165-BA63-6FA7434219C9}.Release|Any CPU.ActiveCfg = Release|Any CPU
		{BAA5FF23-91FB-4165-BA63-6FA7434219C9}.Release|Any CPU.Build.0 = Release|Any CPU
		{7EBDE265-86E2-439E-A313-397C8233981D}.Debug|Any CPU.ActiveCfg = Debug|Any CPU
		{7EBDE265-86E2-439E-A313-397C8233981D}.Debug|Any CPU.Build.0 = Debug|Any CPU
		{7EBDE265-86E2-439E-A313-397C8233981D}.Release|Any CPU.ActiveCfg = Release|Any CPU
		{7EBDE265-86E2-439E-A313-397C8233981D}.Release|Any CPU.Build.0 = Release|Any CPU
		{F24133FF-69D2-453C-996E-1E68A4A3CF34}.Debug|Any CPU.ActiveCfg = Debug|Any CPU
		{F24133FF-69D2-453C-996E-1E68A4A3CF34}.Debug|Any CPU.Build.0 = Debug|Any CPU
		{F24133FF-69D2-453C-996E-1E68A4A3CF34}.Release|Any CPU.ActiveCfg = Release|Any CPU
		{F24133FF-69D2-453C-996E-1E68A4A3CF34}.Release|Any CPU.Build.0 = Release|Any CPU
		{52ADFE63-2A67-4948-91A0-C24CCFFEA3F4}.Debug|Any CPU.ActiveCfg = Debug|Any CPU
		{52ADFE63-2A67-4948-91A0-C24CCFFEA3F4}.Debug|Any CPU.Build.0 = Debug|Any CPU
		{52ADFE63-2A67-4948-91A0-C24CCFFEA3F4}.Release|Any CPU.ActiveCfg = Release|Any CPU
		{52ADFE63-2A67-4948-91A0-C24CCFFEA3F4}.Release|Any CPU.Build.0 = Release|Any CPU
		{3E83396F-CD39-4F6E-88F2-82E24BAECAB3}.Debug|Any CPU.ActiveCfg = Debug|Any CPU
		{3E83396F-CD39-4F6E-88F2-82E24BAECAB3}.Debug|Any CPU.Build.0 = Debug|Any CPU
		{3E83396F-CD39-4F6E-88F2-82E24BAECAB3}.Release|Any CPU.ActiveCfg = Release|Any CPU
		{3E83396F-CD39-4F6E-88F2-82E24BAECAB3}.Release|Any CPU.Build.0 = Release|Any CPU
		{E78FBD0D-EB1D-4B4A-A86A-B359400ECC90}.Debug|Any CPU.ActiveCfg = Debug|Any CPU
		{E78FBD0D-EB1D-4B4A-A86A-B359400ECC90}.Debug|Any CPU.Build.0 = Debug|Any CPU
		{E78FBD0D-EB1D-4B4A-A86A-B359400ECC90}.Release|Any CPU.ActiveCfg = Release|Any CPU
		{E78FBD0D-EB1D-4B4A-A86A-B359400ECC90}.Release|Any CPU.Build.0 = Release|Any CPU
		{9BCD860B-08C0-4FCD-ADCD-C4CF0A04BCE4}.Debug|Any CPU.ActiveCfg = Debug|Any CPU
		{9BCD860B-08C0-4FCD-ADCD-C4CF0A04BCE4}.Debug|Any CPU.Build.0 = Debug|Any CPU
		{9BCD860B-08C0-4FCD-ADCD-C4CF0A04BCE4}.Release|Any CPU.ActiveCfg = Release|Any CPU
		{9BCD860B-08C0-4FCD-ADCD-C4CF0A04BCE4}.Release|Any CPU.Build.0 = Release|Any CPU
		{28ACB1D9-8D66-403E-8B43-EB613B07936E}.Debug|Any CPU.ActiveCfg = Debug|Any CPU
		{28ACB1D9-8D66-403E-8B43-EB613B07936E}.Debug|Any CPU.Build.0 = Debug|Any CPU
		{28ACB1D9-8D66-403E-8B43-EB613B07936E}.Release|Any CPU.ActiveCfg = Release|Any CPU
		{28ACB1D9-8D66-403E-8B43-EB613B07936E}.Release|Any CPU.Build.0 = Release|Any CPU
		{0F1A884B-6823-4784-B832-81602FC1F3FD}.Debug|Any CPU.ActiveCfg = Debug|Any CPU
		{0F1A884B-6823-4784-B832-81602FC1F3FD}.Debug|Any CPU.Build.0 = Debug|Any CPU
		{0F1A884B-6823-4784-B832-81602FC1F3FD}.Release|Any CPU.ActiveCfg = Release|Any CPU
		{0F1A884B-6823-4784-B832-81602FC1F3FD}.Release|Any CPU.Build.0 = Release|Any CPU
		{A953883A-A672-4B5B-A0F4-9CD776B5A1F5}.Debug|Any CPU.ActiveCfg = Debug|Any CPU
		{A953883A-A672-4B5B-A0F4-9CD776B5A1F5}.Debug|Any CPU.Build.0 = Debug|Any CPU
		{A953883A-A672-4B5B-A0F4-9CD776B5A1F5}.Release|Any CPU.ActiveCfg = Release|Any CPU
		{A953883A-A672-4B5B-A0F4-9CD776B5A1F5}.Release|Any CPU.Build.0 = Release|Any CPU
		{D51CD02F-1EB4-4C52-A62D-4E06B8A36F8D}.Debug|Any CPU.ActiveCfg = Debug|Any CPU
		{D51CD02F-1EB4-4C52-A62D-4E06B8A36F8D}.Debug|Any CPU.Build.0 = Debug|Any CPU
		{D51CD02F-1EB4-4C52-A62D-4E06B8A36F8D}.Release|Any CPU.ActiveCfg = Release|Any CPU
		{D51CD02F-1EB4-4C52-A62D-4E06B8A36F8D}.Release|Any CPU.Build.0 = Release|Any CPU
		{8C0F2BD6-024C-4160-A35F-F084784A7B20}.Debug|Any CPU.ActiveCfg = Debug|Any CPU
		{8C0F2BD6-024C-4160-A35F-F084784A7B20}.Debug|Any CPU.Build.0 = Debug|Any CPU
		{8C0F2BD6-024C-4160-A35F-F084784A7B20}.Release|Any CPU.ActiveCfg = Release|Any CPU
		{8C0F2BD6-024C-4160-A35F-F084784A7B20}.Release|Any CPU.Build.0 = Release|Any CPU
		{2B660520-AB7C-4E9D-B689-16A6EAED7C0A}.Debug|Any CPU.ActiveCfg = Debug|Any CPU
		{2B660520-AB7C-4E9D-B689-16A6EAED7C0A}.Debug|Any CPU.Build.0 = Debug|Any CPU
		{2B660520-AB7C-4E9D-B689-16A6EAED7C0A}.Release|Any CPU.ActiveCfg = Release|Any CPU
		{2B660520-AB7C-4E9D-B689-16A6EAED7C0A}.Release|Any CPU.Build.0 = Release|Any CPU
		{645AA703-EECA-4B33-8324-C92EA62F490D}.Debug|Any CPU.ActiveCfg = Debug|Any CPU
		{645AA703-EECA-4B33-8324-C92EA62F490D}.Debug|Any CPU.Build.0 = Debug|Any CPU
		{645AA703-EECA-4B33-8324-C92EA62F490D}.Release|Any CPU.ActiveCfg = Release|Any CPU
		{645AA703-EECA-4B33-8324-C92EA62F490D}.Release|Any CPU.Build.0 = Release|Any CPU
	EndGlobalSection
	GlobalSection(SolutionProperties) = preSolution
		HideSolutionNode = FALSE
	EndGlobalSection
	GlobalSection(NestedProjects) = preSolution
		{DFD2DB36-0B01-4EE5-AF45-A81FA99A45A1} = {115D592D-A0B1-4FBD-A25A-07E49BFCB6F3}
		{BAA5FF23-91FB-4165-BA63-6FA7434219C9} = {115D592D-A0B1-4FBD-A25A-07E49BFCB6F3}
		{7EBDE265-86E2-439E-A313-397C8233981D} = {115D592D-A0B1-4FBD-A25A-07E49BFCB6F3}
		{F24133FF-69D2-453C-996E-1E68A4A3CF34} = {086F3D3E-FF1B-40C8-80ED-6DF8DD469DF3}
		{52ADFE63-2A67-4948-91A0-C24CCFFEA3F4} = {086F3D3E-FF1B-40C8-80ED-6DF8DD469DF3}
		{3E83396F-CD39-4F6E-88F2-82E24BAECAB3} = {086F3D3E-FF1B-40C8-80ED-6DF8DD469DF3}
		{E78FBD0D-EB1D-4B4A-A86A-B359400ECC90} = {D0FF3FBF-FA34-4A03-A2CB-738FC98C4444}
		{9BCD860B-08C0-4FCD-ADCD-C4CF0A04BCE4} = {D0FF3FBF-FA34-4A03-A2CB-738FC98C4444}
		{28ACB1D9-8D66-403E-8B43-EB613B07936E} = {D0FF3FBF-FA34-4A03-A2CB-738FC98C4444}
		{0F1A884B-6823-4784-B832-81602FC1F3FD} = {8768939B-BBA1-427E-8708-D7E40D52511F}
		{A953883A-A672-4B5B-A0F4-9CD776B5A1F5} = {8768939B-BBA1-427E-8708-D7E40D52511F}
		{D51CD02F-1EB4-4C52-A62D-4E06B8A36F8D} = {8768939B-BBA1-427E-8708-D7E40D52511F}
		{8C0F2BD6-024C-4160-A35F-F084784A7B20} = {5431CABD-F1B7-4B2F-88A1-C0E85743776D}
		{2B660520-AB7C-4E9D-B689-16A6EAED7C0A} = {5431CABD-F1B7-4B2F-88A1-C0E85743776D}
		{645AA703-EECA-4B33-8324-C92EA62F490D} = {5431CABD-F1B7-4B2F-88A1-C0E85743776D}
	EndGlobalSection
	GlobalSection(ExtensibilityGlobals) = postSolution
		SolutionGuid = {9A02E9F5-4401-46C6-BD24-D86615564DAE}
	EndGlobalSection
EndGlobal
